
Microsoft Visual Studio Solution File, Format Version 12.00
# Visual Studio Version 18
VisualStudioVersion = 18.0.11205.157 d18.0
MinimumVisualStudioVersion = 10.0.40219.1
Project("{FAE04EC0-301F-11D3-BF4B-00C04F79EFBC}") = "Iciclecreek.Avalonia.Terminal", "Iciclecreek.Avalonia.TerminalWindow\Iciclecreek.Avalonia.Terminal.csproj", "{A33E1792-3563-6E14-D7BD-B91B76F225C7}"
EndProject
Project("{FAE04EC0-301F-11D3-BF4B-00C04F79EFBC}") = "Demo", "Demo\Demo.csproj", "{D1CCB24F-A868-F185-9228-8CC249247C79}"
EndProject
Project("{FAE04EC0-301F-11D3-BF4B-00C04F79EFBC}") = "Demo.Desktop", "Demo.Desktop\Demo.Desktop.csproj", "{38212629-1B08-1275-C004-F5307AF0E261}"
EndProject
Global
	GlobalSection(SolutionConfigurationPlatforms) = preSolution
		Debug|Any CPU = Debug|Any CPU
		Release|Any CPU = Release|Any CPU
	EndGlobalSection
	GlobalSection(ProjectConfigurationPlatforms) = postSolution
		{A33E1792-3563-6E14-D7BD-B91B76F225C7}.Debug|Any CPU.ActiveCfg = Debug|Any CPU
		{A33E1792-3563-6E14-D7BD-B91B76F225C7}.Debug|Any CPU.Build.0 = Debug|Any CPU
		{A33E1792-3563-6E14-D7BD-B91B76F225C7}.Release|Any CPU.ActiveCfg = Release|Any CPU
		{A33E1792-3563-6E14-D7BD-B91B76F225C7}.Release|Any CPU.Build.0 = Release|Any CPU
		{D1CCB24F-A868-F185-9228-8CC249247C79}.Debug|Any CPU.ActiveCfg = Debug|Any CPU
		{D1CCB24F-A868-F185-9228-8CC249247C79}.Debug|Any CPU.Build.0 = Debug|Any CPU
		{D1CCB24F-A868-F185-9228-8CC249247C79}.Release|Any CPU.ActiveCfg = Release|Any CPU
		{D1CCB24F-A868-F185-9228-8CC249247C79}.Release|Any CPU.Build.0 = Release|Any CPU
		{38212629-1B08-1275-C004-F5307AF0E261}.Debug|Any CPU.ActiveCfg = Debug|Any CPU
		{38212629-1B08-1275-C004-F5307AF0E261}.Debug|Any CPU.Build.0 = Debug|Any CPU
		{38212629-1B08-1275-C004-F5307AF0E261}.Release|Any CPU.ActiveCfg = Release|Any CPU
		{38212629-1B08-1275-C004-F5307AF0E261}.Release|Any CPU.Build.0 = Release|Any CPU
	EndGlobalSection
	GlobalSection(SolutionProperties) = preSolution
		HideSolutionNode = FALSE
	EndGlobalSection
	GlobalSection(ExtensibilityGlobals) = postSolution
		SolutionGuid = {F655AF83-E8A8-4B10-846B-3432F94BDF75}
	EndGlobalSection
EndGlobal
